[[package]]
name = "async-timeout"
version = "4.0.3"
description = "Timeout context manager for asyncio programs"
category = "main"
optional = false
python-versions = ">=3.7"

[[package]]
name = "dnspython"
version = "2.4.2"
description = "DNS toolkit"
category = "main"
optional = false
python-versions = ">=3.8,<4.0"

[package.extras]
doq = ["aioquic (>=0.9.20)"]
dnssec = ["cryptography (>=2.6,<42.0)"]
doh = ["h2 (>=4.1.0)", "httpcore (>=0.17.3)", "httpx (>=0.24.1)"]
idna = ["idna (>=2.1,<4.0)"]
trio = ["trio (>=0.14,<0.23)"]
wmi = ["wmi (>=1.5.1,<2.0.0)"]

[[package]]
name = "mongoengine"
version = "0.27.0"
description = "MongoEngine is a Python Object-Document Mapper for working with MongoDB."
category = "main"
optional = false
python-versions = ">=3.7"

[package.dependencies]
pymongo = ">=3.4,<5.0"

[[package]]
name = "pymongo"
version = "4.6.1"
description = "Python driver for MongoDB <http://www.mongodb.org>"
category = "main"
optional = false
python-versions = ">=3.7"

[package.dependencies]
dnspython = ">=1.16.0,<3.0.0"

[package.extras]
aws = ["pymongo-auth-aws (<2.0.0)"]
encryption = ["pymongo", "pymongocrypt (>=1.6.0,<2.0.0)", "certifi"]
gssapi = ["pykerberos", "winkerberos (>=0.5.0)"]
ocsp = ["pyopenssl (>=17.2.0)", "requests (<3.0.0)", "cryptography (>=2.5)", "service-identity (>=18.1.0)", "certifi"]
snappy = ["python-snappy"]
test = ["pytest (>=7)"]
zstd = ["zstandard"]

[[package]]
name = "redis"
version = "5.0.1"
description = "Python client for Redis database and key-value store"
category = "main"
optional = false
python-versions = ">=3.7"

[package.dependencies]
async-timeout = {version = ">=4.0.2", markers = "python_full_version <= \"3.11.2\""}

[package.extras]
hiredis = ["hiredis (>=1.0.0)"]
ocsp = ["cryptography (>=36.0.1)", "pyopenssl (==20.0.1)", "requests (>=2.26.0)"]

[[package]]
name = "redis-lru"
version = "0.1.2"
description = "LRU cache for Python. Use Redis as backend. Provides a dictionary-like object as well as a method decorator."
category = "main"
optional = false
python-versions = ">=3.4"

[package.dependencies]
redis = "*"

[metadata]
lock-version = "1.1"
python-versions = "^3.10"
content-hash = "d6a16dd77724a02362e64c78ffc5c726cbdc08097ecdd4ebe18b5ccace247b1e"

[metadata.files]
async-timeout = []
dnspython = []
mongoengine = []
pymongo = []
redis = []
redis-lru = []
